
Microsoft Visual Studio Solution File, Format Version 12.00
# Visual Studio Version 17
VisualStudioVersion = 17.14.36408.4 d17.14
MinimumVisualStudioVersion = 10.0.40219.1
Project("{FAE04EC0-301F-11D3-BF4B-00C04F79EFBC}") = "HelloMundo", "HelloMundo\HelloMundo.csproj", "{2C7E820D-45DA-4103-802A-DE850C4F9516}"
EndProject
Global
	GlobalSection(SolutionConfigurationPlatforms) = preSolution
		Debug|Any CPU = Debug|Any CPU
		Release|Any CPU = Release|Any CPU
	EndGlobalSection
	GlobalSection(ProjectConfigurationPlatforms) = postSolution
		{2C7E820D-45DA-4103-802A-DE850C4F9516}.Debug|Any CPU.ActiveCfg = Debug|Any CPU
		{2C7E820D-45DA-4103-802A-DE850C4F9516}.Debug|Any CPU.Build.0 = Debug|Any CPU
		{2C7E820D-45DA-4103-802A-DE850C4F9516}.Release|Any CPU.ActiveCfg = Release|Any CPU
		{2C7E820D-45DA-4103-802A-DE850C4F9516}.Release|Any CPU.Build.0 = Release|Any CPU
	EndGlobalSection
	GlobalSection(SolutionProperties) = preSolution
		HideSolutionNode = FALSE
	EndGlobalSection
	GlobalSection(ExtensibilityGlobals) = postSolution
		SolutionGuid = {7AADB07A-5A1B-43D2-AF43-69D3A01AF35F}
	EndGlobalSection
EndGlobal
